// !$*UTF8*$!
{
	archiveVersion = 1;
	classes = {
	};
	objectVersion = 56;
	objects = {

/* Begin PBXBuildFile section */
		C81211192BD78A5200146624 /* accounts.db in Resources */ = {isa = PBXBuildFile; fileRef = C87D9A462BC0881C00B6CE82 /* accounts.db */; };
		C852911B2B576B6100560C6F /* LoginScreen.swift in Sources */ = {isa = PBXBuildFile; fileRef = C852911A2B576B6100560C6F /* LoginScreen.swift */; };
		C85291202B57729A00560C6F /* AdminDashboard.swift in Sources */ = {isa = PBXBuildFile; fileRef = C852911F2B57729A00560C6F /* AdminDashboard.swift */; };
		C85291222B5772E400560C6F /* PersonnelDashboard.swift in Sources */ = {isa = PBXBuildFile; fileRef = C85291212B5772E400560C6F /* PersonnelDashboard.swift */; };
		C85291242B5772F100560C6F /* ParentStudentDashboard.swift in Sources */ = {isa = PBXBuildFile; fileRef = C85291232B5772F100560C6F /* ParentStudentDashboard.swift */; };
		C87D9A412BBE579700B6CE82 /* SQLite in Frameworks */ = {isa = PBXBuildFile; productRef = C87D9A402BBE579700B6CE82 /* SQLite */; };
		C87D9A492BC371BB00B6CE82 /* Vapor in Frameworks */ = {isa = PBXBuildFile; productRef = C87D9A482BC371BB00B6CE82 /* Vapor */; };
		C87D9A4C2BC3725E00B6CE82 /* Fluent in Frameworks */ = {isa = PBXBuildFile; productRef = C87D9A4B2BC3725E00B6CE82 /* Fluent */; };
		C89AFC222BC372E700E7D497 /* FluentSQLiteDriver in Frameworks */ = {isa = PBXBuildFile; productRef = C89AFC212BC372E700E7D497 /* FluentSQLiteDriver */; };
		C8ACF6DD2BBDD2D00025E2BB /* viewStudents.swift in Sources */ = {isa = PBXBuildFile; fileRef = C8ACF6DC2BBDD2D00025E2BB /* viewStudents.swift */; };
		C8ACF6DF2BBDD2E00025E2BB /* viewRoutes.swift in Sources */ = {isa = PBXBuildFile; fileRef = C8ACF6DE2BBDD2E00025E2BB /* viewRoutes.swift */; };
		C8ACF6E12BBDD3410025E2BB /* viewShifts.swift in Sources */ = {isa = PBXBuildFile; fileRef = C8ACF6E02BBDD3410025E2BB /* viewShifts.swift */; };
		C8ACF6E32BBDD34C0025E2BB /* reportWorkAbsence.swift in Sources */ = {isa = PBXBuildFile; fileRef = C8ACF6E22BBDD34C0025E2BB /* reportWorkAbsence.swift */; };
		C8ACF6E52BBDD3690025E2BB /* manageRoutes.swift in Sources */ = {isa = PBXBuildFile; fileRef = C8ACF6E42BBDD3690025E2BB /* manageRoutes.swift */; };
		C8ACF6E72BBDD38E0025E2BB /* managePersonnel.swift in Sources */ = {isa = PBXBuildFile; fileRef = C8ACF6E62BBDD38E0025E2BB /* managePersonnel.swift */; };
		C8ACF6E92BBDD3990025E2BB /* manageRosters.swift in Sources */ = {isa = PBXBuildFile; fileRef = C8ACF6E82BBDD3990025E2BB /* manageRosters.swift */; };
		C8ACF6EB2BBDD3AF0025E2BB /* editRoute.swift in Sources */ = {isa = PBXBuildFile; fileRef = C8ACF6EA2BBDD3AF0025E2BB /* editRoute.swift */; };
		C8ACF6F42BBDEA920025E2BB /* CryptoKit.framework in Frameworks */ = {isa = PBXBuildFile; fileRef = C8ACF6F32BBDEA920025E2BB /* CryptoKit.framework */; };
		C8ACF6F52BBE34880025E2BB /* libsqlite3.0.tbd in Frameworks */ = {isa = PBXBuildFile; fileRef = C8ACF6ED2BBDD5910025E2BB /* libsqlite3.0.tbd */; };
		C8BF0DD62B8C3576009C2BFF /* routeMgmt.swift in Sources */ = {isa = PBXBuildFile; fileRef = C8BF0DD52B8C3576009C2BFF /* routeMgmt.swift */; };
		C8C0E4922B2FF746006C2BC4 /* School_Bus_Route_SoftwareApp.swift in Sources */ = {isa = PBXBuildFile; fileRef = C8C0E4912B2FF746006C2BC4 /* School_Bus_Route_SoftwareApp.swift */; };
		C8C0E4962B2FF747006C2BC4 /* Assets.xcassets in Resources */ = {isa = PBXBuildFile; fileRef = C8C0E4952B2FF747006C2BC4 /* Assets.xcassets */; };
		C8C0E49A2B2FF747006C2BC4 /* Preview Assets.xcassets in Resources */ = {isa = PBXBuildFile; fileRef = C8C0E4992B2FF747006C2BC4 /* Preview Assets.xcassets */; };
		C8C0E4A42B2FF747006C2BC4 /* School_Bus_Route_SoftwareTests.swift in Sources */ = {isa = PBXBuildFile; fileRef = C8C0E4A32B2FF747006C2BC4 /* School_Bus_Route_SoftwareTests.swift */; };
		C8C0E4AE2B2FF747006C2BC4 /* School_Bus_Route_SoftwareUITests.swift in Sources */ = {isa = PBXBuildFile; fileRef = C8C0E4AD2B2FF747006C2BC4 /* School_Bus_Route_SoftwareUITests.swift */; };
		C8C0E4B02B2FF747006C2BC4 /* School_Bus_Route_SoftwareUITestsLaunchTests.swift in Sources */ = {isa = PBXBuildFile; fileRef = C8C0E4AF2B2FF747006C2BC4 /* School_Bus_Route_SoftwareUITestsLaunchTests.swift */; };
/* End PBXBuildFile section */

/* Begin PBXContainerItemProxy section */
		C8C0E4A02B2FF747006C2BC4 /* PBXContainerItemProxy */ = {
			isa = PBXContainerItemProxy;
			containerPortal = C8C0E4862B2FF746006C2BC4 /* Project object */;
			proxyType = 1;
			remoteGlobalIDString = C8C0E48D2B2FF746006C2BC4;
			remoteInfo = "School Bus Route Software";
		};
		C8C0E4AA2B2FF747006C2BC4 /* PBXContainerItemProxy */ = {
			isa = PBXContainerItemProxy;
			containerPortal = C8C0E4862B2FF746006C2BC4 /* Project object */;
			proxyType = 1;
			remoteGlobalIDString = C8C0E48D2B2FF746006C2BC4;
			remoteInfo = "School Bus Route Software";
		};
/* End PBXContainerItemProxy section */

/* Begin PBXCopyFilesBuildPhase section */
		C8096E922BBE358800C59AB6 /* Embed Frameworks */ = {
			isa = PBXCopyFilesBuildPhase;
			buildActionMask = 2147483647;
			dstPath = "";
			dstSubfolderSpec = 10;
			files = (
			);
			name = "Embed Frameworks";
			runOnlyForDeploymentPostprocessing = 0;
		};
/* End PBXCopyFilesBuildPhase section */

/* Begin PBXFileReference section */
		C852911A2B576B6100560C6F /* LoginScreen.swift */ = {isa = PBXFileReference; lastKnownFileType = sourcecode.swift; path = LoginScreen.swift; sourceTree = "<group>"; };
		C852911F2B57729A00560C6F /* AdminDashboard.swift */ = {isa = PBXFileReference; lastKnownFileType = sourcecode.swift; path = AdminDashboard.swift; sourceTree = "<group>"; };
		C85291212B5772E400560C6F /* PersonnelDashboard.swift */ = {isa = PBXFileReference; lastKnownFileType = sourcecode.swift; path = PersonnelDashboard.swift; sourceTree = "<group>"; };
		C85291232B5772F100560C6F /* ParentStudentDashboard.swift */ = {isa = PBXFileReference; lastKnownFileType = sourcecode.swift; path = ParentStudentDashboard.swift; sourceTree = "<group>"; };
		C87D9A462BC0881C00B6CE82 /* accounts.db */ = {isa = PBXFileReference; lastKnownFileType = file; path = accounts.db; sourceTree = "<group>"; };
		C8ACF6DC2BBDD2D00025E2BB /* viewStudents.swift */ = {isa = PBXFileReference; lastKnownFileType = sourcecode.swift; path = viewStudents.swift; sourceTree = "<group>"; };
		C8ACF6DE2BBDD2E00025E2BB /* viewRoutes.swift */ = {isa = PBXFileReference; lastKnownFileType = sourcecode.swift; path = viewRoutes.swift; sourceTree = "<group>"; };
		C8ACF6E02BBDD3410025E2BB /* viewShifts.swift */ = {isa = PBXFileReference; lastKnownFileType = sourcecode.swift; path = viewShifts.swift; sourceTree = "<group>"; };
		C8ACF6E22BBDD34C0025E2BB /* reportWorkAbsence.swift */ = {isa = PBXFileReference; lastKnownFileType = sourcecode.swift; path = reportWorkAbsence.swift; sourceTree = "<group>"; };
		C8ACF6E42BBDD3690025E2BB /* manageRoutes.swift */ = {isa = PBXFileReference; lastKnownFileType = sourcecode.swift; path = manageRoutes.swift; sourceTree = "<group>"; };
		C8ACF6E62BBDD38E0025E2BB /* managePersonnel.swift */ = {isa = PBXFileReference; lastKnownFileType = sourcecode.swift; path = managePersonnel.swift; sourceTree = "<group>"; };
		C8ACF6E82BBDD3990025E2BB /* manageRosters.swift */ = {isa = PBXFileReference; lastKnownFileType = sourcecode.swift; path = manageRosters.swift; sourceTree = "<group>"; };
		C8ACF6EA2BBDD3AF0025E2BB /* editRoute.swift */ = {isa = PBXFileReference; lastKnownFileType = sourcecode.swift; path = editRoute.swift; sourceTree = "<group>"; };
		C8ACF6ED2BBDD5910025E2BB /* libsqlite3.0.tbd */ = {isa = PBXFileReference; lastKnownFileType = "sourcecode.text-based-dylib-definition"; name = libsqlite3.0.tbd; path = Platforms/iPhoneOS.platform/Developer/SDKs/iPhoneOS16.4.sdk/usr/lib/libsqlite3.0.tbd; sourceTree = DEVELOPER_DIR; };
		C8ACF6F32BBDEA920025E2BB /* CryptoKit.framework */ = {isa = PBXFileReference; lastKnownFileType = wrapper.framework; name = CryptoKit.framework; path = Platforms/iPhoneOS.platform/Developer/SDKs/iPhoneOS16.4.sdk/System/Library/Frameworks/CryptoKit.framework; sourceTree = DEVELOPER_DIR; };
		C8BF0DD42B8C3383009C2BFF /* School-Bus-Route-Software-Info.plist */ = {isa = PBXFileReference; lastKnownFileType = text.plist; path = "School-Bus-Route-Software-Info.plist"; sourceTree = SOURCE_ROOT; };
		C8BF0DD52B8C3576009C2BFF /* routeMgmt.swift */ = {isa = PBXFileReference; lastKnownFileType = sourcecode.swift; path = routeMgmt.swift; sourceTree = "<group>"; };
		C8C0E48E2B2FF746006C2BC4 /* School Bus Route Software.app */ = {isa = PBXFileReference; explicitFileType = wrapper.application; includeInIndex = 0; path = "School Bus Route Software.app"; sourceTree = BUILT_PRODUCTS_DIR; };
		C8C0E4912B2FF746006C2BC4 /* School_Bus_Route_SoftwareApp.swift */ = {isa = PBXFileReference; lastKnownFileType = sourcecode.swift; path = School_Bus_Route_SoftwareApp.swift; sourceTree = "<group>"; };
		C8C0E4952B2FF747006C2BC4 /* Assets.xcassets */ = {isa = PBXFileReference; lastKnownFileType = folder.assetcatalog; path = Assets.xcassets; sourceTree = "<group>"; };
		C8C0E4972B2FF747006C2BC4 /* School_Bus_Route_Software.entitlements */ = {isa = PBXFileReference; lastKnownFileType = text.plist.entitlements; path = School_Bus_Route_Software.entitlements; sourceTree = "<group>"; };
		C8C0E4992B2FF747006C2BC4 /* Preview Assets.xcassets */ = {isa = PBXFileReference; lastKnownFileType = folder.assetcatalog; path = "Preview Assets.xcassets"; sourceTree = "<group>"; };
		C8C0E49F2B2FF747006C2BC4 /* School Bus Route SoftwareTests.xctest */ = {isa = PBXFileReference; explicitFileType = wrapper.cfbundle; includeInIndex = 0; path = "School Bus Route SoftwareTests.xctest"; sourceTree = BUILT_PRODUCTS_DIR; };
		C8C0E4A32B2FF747006C2BC4 /* School_Bus_Route_SoftwareTests.swift */ = {isa = PBXFileReference; lastKnownFileType = sourcecode.swift; path = School_Bus_Route_SoftwareTests.swift; sourceTree = "<group>"; };
		C8C0E4A92B2FF747006C2BC4 /* School Bus Route SoftwareUITests.xctest */ = {isa = PBXFileReference; explicitFileType = wrapper.cfbundle; includeInIndex = 0; path = "School Bus Route SoftwareUITests.xctest"; sourceTree = BUILT_PRODUCTS_DIR; };
		C8C0E4AD2B2FF747006C2BC4 /* School_Bus_Route_SoftwareUITests.swift */ = {isa = PBXFileReference; lastKnownFileType = sourcecode.swift; path = School_Bus_Route_SoftwareUITests.swift; sourceTree = "<group>"; };
		C8C0E4AF2B2FF747006C2BC4 /* School_Bus_Route_SoftwareUITestsLaunchTests.swift */ = {isa = PBXFileReference; lastKnownFileType = sourcecode.swift; path = School_Bus_Route_SoftwareUITestsLaunchTests.swift; sourceTree = "<group>"; };
/* End PBXFileReference section */

/* Begin PBXFrameworksBuildPhase section */
		C8C0E48B2B2FF746006C2BC4 /* Frameworks */ = {
			isa = PBXFrameworksBuildPhase;
			buildActionMask = 2147483647;
			files = (
				C87D9A4C2BC3725E00B6CE82 /* Fluent in Frameworks */,
				C87D9A412BBE579700B6CE82 /* SQLite in Frameworks */,
				C87D9A492BC371BB00B6CE82 /* Vapor in Frameworks */,
				C8ACF6F52BBE34880025E2BB /* libsqlite3.0.tbd in Frameworks */,
				C89AFC222BC372E700E7D497 /* FluentSQLiteDriver in Frameworks */,
				C8ACF6F42BBDEA920025E2BB /* CryptoKit.framework in Frameworks */,
			);
			runOnlyForDeploymentPostprocessing = 0;
		};
		C8C0E49C2B2FF747006C2BC4 /* Frameworks */ = {
			isa = PBXFrameworksBuildPhase;
			buildActionMask = 2147483647;
			files = (
			);
			runOnlyForDeploymentPostprocessing = 0;
		};
		C8C0E4A62B2FF747006C2BC4 /* Frameworks */ = {
			isa = PBXFrameworksBuildPhase;
			buildActionMask = 2147483647;
			files = (
			);
			runOnlyForDeploymentPostprocessing = 0;
		};
/* End PBXFrameworksBuildPhase section */

/* Begin PBXGroup section */
		C852911C2B57720100560C6F /* Admin */ = {
			isa = PBXGroup;
			children = (
				C852911F2B57729A00560C6F /* AdminDashboard.swift */,
				C8BF0DD52B8C3576009C2BFF /* routeMgmt.swift */,
				C8ACF6E42BBDD3690025E2BB /* manageRoutes.swift */,
				C8ACF6E62BBDD38E0025E2BB /* managePersonnel.swift */,
				C8ACF6E82BBDD3990025E2BB /* manageRosters.swift */,
				C8ACF6EA2BBDD3AF0025E2BB /* editRoute.swift */,
			);
			path = Admin;
			sourceTree = "<group>";
		};
		C852911D2B57722000560C6F /* BusPersonnel */ = {
			isa = PBXGroup;
			children = (
				C85291212B5772E400560C6F /* PersonnelDashboard.swift */,
				C8ACF6E02BBDD3410025E2BB /* viewShifts.swift */,
				C8ACF6E22BBDD34C0025E2BB /* reportWorkAbsence.swift */,
			);
			path = BusPersonnel;
			sourceTree = "<group>";
		};
		C852911E2B57727400560C6F /* ParentStudent */ = {
			isa = PBXGroup;
			children = (
				C85291232B5772F100560C6F /* ParentStudentDashboard.swift */,
				C8ACF6DC2BBDD2D00025E2BB /* viewStudents.swift */,
				C8ACF6DE2BBDD2E00025E2BB /* viewRoutes.swift */,
			);
			path = ParentStudent;
			sourceTree = "<group>";
		};
		C87D9A452BC0881600B6CE82 /* Databases */ = {
			isa = PBXGroup;
			children = (
				C87D9A462BC0881C00B6CE82 /* accounts.db */,
			);
			path = Databases;
			sourceTree = "<group>";
		};
		C8ACF6EC2BBDD5900025E2BB /* Frameworks */ = {
			isa = PBXGroup;
			children = (
				C8ACF6F32BBDEA920025E2BB /* CryptoKit.framework */,
				C8ACF6ED2BBDD5910025E2BB /* libsqlite3.0.tbd */,
			);
			name = Frameworks;
			sourceTree = "<group>";
		};
		C8C0E4852B2FF746006C2BC4 = {
			isa = PBXGroup;
			children = (
				C8C0E4902B2FF746006C2BC4 /* School Bus Route Software */,
				C8C0E4A22B2FF747006C2BC4 /* School Bus Route SoftwareTests */,
				C8C0E4AC2B2FF747006C2BC4 /* School Bus Route SoftwareUITests */,
				C8C0E48F2B2FF746006C2BC4 /* Products */,
				C8ACF6EC2BBDD5900025E2BB /* Frameworks */,
			);
			sourceTree = "<group>";
		};
		C8C0E48F2B2FF746006C2BC4 /* Products */ = {
			isa = PBXGroup;
			children = (
				C8C0E48E2B2FF746006C2BC4 /* School Bus Route Software.app */,
				C8C0E49F2B2FF747006C2BC4 /* School Bus Route SoftwareTests.xctest */,
				C8C0E4A92B2FF747006C2BC4 /* School Bus Route SoftwareUITests.xctest */,
			);
			name = Products;
			sourceTree = "<group>";
		};
		C8C0E4902B2FF746006C2BC4 /* School Bus Route Software */ = {
			isa = PBXGroup;
			children = (
				C87D9A452BC0881600B6CE82 /* Databases */,
				C8BF0DD42B8C3383009C2BFF /* School-Bus-Route-Software-Info.plist */,
				C852911E2B57727400560C6F /* ParentStudent */,
				C852911D2B57722000560C6F /* BusPersonnel */,
				C852911C2B57720100560C6F /* Admin */,
				C8C0E4912B2FF746006C2BC4 /* School_Bus_Route_SoftwareApp.swift */,
				C8C0E4952B2FF747006C2BC4 /* Assets.xcassets */,
				C8C0E4972B2FF747006C2BC4 /* School_Bus_Route_Software.entitlements */,
				C8C0E4982B2FF747006C2BC4 /* Preview Content */,
				C852911A2B576B6100560C6F /* LoginScreen.swift */,
			);
			path = "School Bus Route Software";
			sourceTree = "<group>";
		};
		C8C0E4982B2FF747006C2BC4 /* Preview Content */ = {
			isa = PBXGroup;
			children = (
				C8C0E4992B2FF747006C2BC4 /* Preview Assets.xcassets */,
			);
			path = "Preview Content";
			sourceTree = "<group>";
		};
		C8C0E4A22B2FF747006C2BC4 /* School Bus Route SoftwareTests */ = {
			isa = PBXGroup;
			children = (
				C8C0E4A32B2FF747006C2BC4 /* School_Bus_Route_SoftwareTests.swift */,
			);
			path = "School Bus Route SoftwareTests";
			sourceTree = "<group>";
		};
		C8C0E4AC2B2FF747006C2BC4 /* School Bus Route SoftwareUITests */ = {
			isa = PBXGroup;
			children = (
				C8C0E4AD2B2FF747006C2BC4 /* School_Bus_Route_SoftwareUITests.swift */,
				C8C0E4AF2B2FF747006C2BC4 /* School_Bus_Route_SoftwareUITestsLaunchTests.swift */,
			);
			path = "School Bus Route SoftwareUITests";
			sourceTree = "<group>";
		};
/* End PBXGroup section */

/* Begin PBXNativeTarget section */
		C8C0E48D2B2FF746006C2BC4 /* School Bus Route Software */ = {
			isa = PBXNativeTarget;
			buildConfigurationList = C8C0E4B32B2FF747006C2BC4 /* Build configuration list for PBXNativeTarget "School Bus Route Software" */;
			buildPhases = (
				C8C0E48A2B2FF746006C2BC4 /* Sources */,
				C8C0E48B2B2FF746006C2BC4 /* Frameworks */,
				C8C0E48C2B2FF746006C2BC4 /* Resources */,
				C8096E922BBE358800C59AB6 /* Embed Frameworks */,
			);
			buildRules = (
			);
			dependencies = (
			);
			name = "School Bus Route Software";
			packageProductDependencies = (
				C87D9A402BBE579700B6CE82 /* SQLite */,
				C87D9A482BC371BB00B6CE82 /* Vapor */,
				C87D9A4B2BC3725E00B6CE82 /* Fluent */,
				C89AFC212BC372E700E7D497 /* FluentSQLiteDriver */,
			);
			productName = "School Bus Route Software";
			productReference = C8C0E48E2B2FF746006C2BC4 /* School Bus Route Software.app */;
			productType = "com.apple.product-type.application";
		};
		C8C0E49E2B2FF747006C2BC4 /* School Bus Route SoftwareTests */ = {
			isa = PBXNativeTarget;
			buildConfigurationList = C8C0E4B62B2FF747006C2BC4 /* Build configuration list for PBXNativeTarget "School Bus Route SoftwareTests" */;
			buildPhases = (
				C8C0E49B2B2FF747006C2BC4 /* Sources */,
				C8C0E49C2B2FF747006C2BC4 /* Frameworks */,
				C8C0E49D2B2FF747006C2BC4 /* Resources */,
			);
			buildRules = (
			);
			dependencies = (
				C8C0E4A12B2FF747006C2BC4 /* PBXTargetDependency */,
			);
			name = "School Bus Route SoftwareTests";
			productName = "School Bus Route SoftwareTests";
			productReference = C8C0E49F2B2FF747006C2BC4 /* School Bus Route SoftwareTests.xctest */;
			productType = "com.apple.product-type.bundle.unit-test";
		};
		C8C0E4A82B2FF747006C2BC4 /* School Bus Route SoftwareUITests */ = {
			isa = PBXNativeTarget;
			buildConfigurationList = C8C0E4B92B2FF747006C2BC4 /* Build configuration list for PBXNativeTarget "School Bus Route SoftwareUITests" */;
			buildPhases = (
				C8C0E4A52B2FF747006C2BC4 /* Sources */,
				C8C0E4A62B2FF747006C2BC4 /* Frameworks */,
				C8C0E4A72B2FF747006C2BC4 /* Resources */,
			);
			buildRules = (
			);
			dependencies = (
				C8C0E4AB2B2FF747006C2BC4 /* PBXTargetDependency */,
			);
			name = "School Bus Route SoftwareUITests";
			productName = "School Bus Route SoftwareUITests";
			productReference = C8C0E4A92B2FF747006C2BC4 /* School Bus Route SoftwareUITests.xctest */;
			productType = "com.apple.product-type.bundle.ui-testing";
		};
/* End PBXNativeTarget section */

/* Begin PBXProject section */
		C8C0E4862B2FF746006C2BC4 /* Project object */ = {
			isa = PBXProject;
			attributes = {
				BuildIndependentTargetsInParallel = 1;
				LastSwiftUpdateCheck = 1430;
				LastUpgradeCheck = 1430;
				TargetAttributes = {
					C8C0E48D2B2FF746006C2BC4 = {
						CreatedOnToolsVersion = 14.3.1;
					};
					C8C0E49E2B2FF747006C2BC4 = {
						CreatedOnToolsVersion = 14.3.1;
						TestTargetID = C8C0E48D2B2FF746006C2BC4;
					};
					C8C0E4A82B2FF747006C2BC4 = {
						CreatedOnToolsVersion = 14.3.1;
						TestTargetID = C8C0E48D2B2FF746006C2BC4;
					};
				};
			};
			buildConfigurationList = C8C0E4892B2FF746006C2BC4 /* Build configuration list for PBXProject "School Bus Route Software" */;
			compatibilityVersion = "Xcode 14.0";
			developmentRegion = en;
			hasScannedForEncodings = 0;
			knownRegions = (
				en,
				Base,
			);
			mainGroup = C8C0E4852B2FF746006C2BC4;
			packageReferences = (
				C87D9A3F2BBE579700B6CE82 /* XCRemoteSwiftPackageReference "SQLite" */,
				C87D9A472BC371BB00B6CE82 /* XCRemoteSwiftPackageReference "vapor" */,
				C87D9A4A2BC3725E00B6CE82 /* XCRemoteSwiftPackageReference "fluent" */,
				C89AFC202BC372E700E7D497 /* XCRemoteSwiftPackageReference "fluent-sqlite-driver" */,
			);
			productRefGroup = C8C0E48F2B2FF746006C2BC4 /* Products */;
			projectDirPath = "";
			projectRoot = "";
			targets = (
				C8C0E48D2B2FF746006C2BC4 /* School Bus Route Software */,
				C8C0E49E2B2FF747006C2BC4 /* School Bus Route SoftwareTests */,
				C8C0E4A82B2FF747006C2BC4 /* School Bus Route SoftwareUITests */,
			);
		};
/* End PBXProject section */

/* Begin PBXResourcesBuildPhase section */
		C8C0E48C2B2FF746006C2BC4 /* Resources */ = {
			isa = PBXResourcesBuildPhase;
			buildActionMask = 2147483647;
			files = (
				C8C0E49A2B2FF747006C2BC4 /* Preview Assets.xcassets in Resources */,
				C81211192BD78A5200146624 /* accounts.db in Resources */,
				C8C0E4962B2FF747006C2BC4 /* Assets.xcassets in Resources */,
			);
			runOnlyForDeploymentPostprocessing = 0;
		};
		C8C0E49D2B2FF747006C2BC4 /* Resources */ = {
			isa = PBXResourcesBuildPhase;
			buildActionMask = 2147483647;
			files = (
			);
			runOnlyForDeploymentPostprocessing = 0;
		};
		C8C0E4A72B2FF747006C2BC4 /* Resources */ = {
			isa = PBXResourcesBuildPhase;
			buildActionMask = 2147483647;
			files = (
			);
			runOnlyForDeploymentPostprocessing = 0;
		};
/* End PBXResourcesBuildPhase section */

/* Begin PBXSourcesBuildPhase section */
		C8C0E48A2B2FF746006C2BC4 /* Sources */ = {
			isa = PBXSourcesBuildPhase;
			buildActionMask = 2147483647;
			files = (
				C8ACF6DF2BBDD2E00025E2BB /* viewRoutes.swift in Sources */,
				C8ACF6E52BBDD3690025E2BB /* manageRoutes.swift in Sources */,
				C8C0E4922B2FF746006C2BC4 /* School_Bus_Route_SoftwareApp.swift in Sources */,
				C8ACF6EB2BBDD3AF0025E2BB /* editRoute.swift in Sources */,
				C85291242B5772F100560C6F /* ParentStudentDashboard.swift in Sources */,
				C85291222B5772E400560C6F /* PersonnelDashboard.swift in Sources */,
				C8ACF6DD2BBDD2D00025E2BB /* viewStudents.swift in Sources */,
				C8ACF6E12BBDD3410025E2BB /* viewShifts.swift in Sources */,
				C852911B2B576B6100560C6F /* LoginScreen.swift in Sources */,
				C8BF0DD62B8C3576009C2BFF /* routeMgmt.swift in Sources */,
				C8ACF6E32BBDD34C0025E2BB /* reportWorkAbsence.swift in Sources */,
				C85291202B57729A00560C6F /* AdminDashboard.swift in Sources */,
				C8ACF6E72BBDD38E0025E2BB /* managePersonnel.swift in Sources */,
				C8ACF6E92BBDD3990025E2BB /* manageRosters.swift in Sources */,
			);
			runOnlyForDeploymentPostprocessing = 0;
		};
		C8C0E49B2B2FF747006C2BC4 /* Sources */ = {
			isa = PBXSourcesBuildPhase;
			buildActionMask = 2147483647;
			files = (
				C8C0E4A42B2FF747006C2BC4 /* School_Bus_Route_SoftwareTests.swift in Sources */,
			);
			runOnlyForDeploymentPostprocessing = 0;
		};
		C8C0E4A52B2FF747006C2BC4 /* Sources */ = {
			isa = PBXSourcesBuildPhase;
			buildActionMask = 2147483647;
			files = (
				C8C0E4B02B2FF747006C2BC4 /* School_Bus_Route_SoftwareUITestsLaunchTests.swift in Sources */,
				C8C0E4AE2B2FF747006C2BC4 /* School_Bus_Route_SoftwareUITests.swift in Sources */,
			);
			runOnlyForDeploymentPostprocessing = 0;
		};
/* End PBXSourcesBuildPhase section */

/* Begin PBXTargetDependency section */
		C8C0E4A12B2FF747006C2BC4 /* PBXTargetDependency */ = {
			isa = PBXTargetDependency;
			target = C8C0E48D2B2FF746006C2BC4 /* School Bus Route Software */;
			targetProxy = C8C0E4A02B2FF747006C2BC4 /* PBXContainerItemProxy */;
		};
		C8C0E4AB2B2FF747006C2BC4 /* PBXTargetDependency */ = {
			isa = PBXTargetDependency;
			target = C8C0E48D2B2FF746006C2BC4 /* School Bus Route Software */;
			targetProxy = C8C0E4AA2B2FF747006C2BC4 /* PBXContainerItemProxy */;
		};
/* End PBXTargetDependency section */

/* Begin XCBuildConfiguration section */
		C8C0E4B12B2FF747006C2BC4 /* Debug */ = {
			isa = XCBuildConfiguration;
			buildSettings = {
				ALWAYS_SEARCH_USER_PATHS = NO;
				CLANG_ANALYZER_NONNULL = YES;
				CLANG_ANALYZER_NUMBER_OBJECT_CONVERSION = YES_AGGRESSIVE;
				CLANG_CXX_LANGUAGE_STANDARD = "gnu++20";
				CLANG_ENABLE_MODULES = YES;
				CLANG_ENABLE_OBJC_ARC = YES;
				CLANG_ENABLE_OBJC_WEAK = YES;
				CLANG_WARN_BLOCK_CAPTURE_AUTORELEASING = YES;
				CLANG_WARN_BOOL_CONVERSION = YES;
				CLANG_WARN_COMMA = YES;
				CLANG_WARN_CONSTANT_CONVERSION = YES;
				CLANG_WARN_DEPRECATED_OBJC_IMPLEMENTATIONS = YES;
				CLANG_WARN_DIRECT_OBJC_ISA_USAGE = YES_ERROR;
				CLANG_WARN_DOCUMENTATION_COMMENTS = YES;
				CLANG_WARN_EMPTY_BODY = YES;
				CLANG_WARN_ENUM_CONVERSION = YES;
				CLANG_WARN_INFINITE_RECURSION = YES;
				CLANG_WARN_INT_CONVERSION = YES;
				CLANG_WARN_NON_LITERAL_NULL_CONVERSION = YES;
				CLANG_WARN_OBJC_IMPLICIT_RETAIN_SELF = YES;
				CLANG_WARN_OBJC_LITERAL_CONVERSION = YES;
				CLANG_WARN_OBJC_ROOT_CLASS = YES_ERROR;
				CLANG_WARN_QUOTED_INCLUDE_IN_FRAMEWORK_HEADER = YES;
				CLANG_WARN_RANGE_LOOP_ANALYSIS = YES;
				CLANG_WARN_STRICT_PROTOTYPES = YES;
				CLANG_WARN_SUSPICIOUS_MOVE = YES;
				CLANG_WARN_UNGUARDED_AVAILABILITY = YES_AGGRESSIVE;
				CLANG_WARN_UNREACHABLE_CODE = YES;
				CLANG_WARN__DUPLICATE_METHOD_MATCH = YES;
				COPY_PHASE_STRIP = NO;
				DEBUG_INFORMATION_FORMAT = dwarf;
				ENABLE_STRICT_OBJC_MSGSEND = YES;
				ENABLE_TESTABILITY = YES;
				GCC_C_LANGUAGE_STANDARD = gnu11;
				GCC_DYNAMIC_NO_PIC = NO;
				GCC_NO_COMMON_BLOCKS = YES;
				GCC_OPTIMIZATION_LEVEL = 0;
				GCC_PREPROCESSOR_DEFINITIONS = (
					"DEBUG=1",
					"$(inherited)",
				);
				GCC_WARN_64_TO_32_BIT_CONVERSION = YES;
				GCC_WARN_ABOUT_RETURN_TYPE = YES_ERROR;
				GCC_WARN_UNDECLARED_SELECTOR = YES;
				GCC_WARN_UNINITIALIZED_AUTOS = YES_AGGRESSIVE;
				GCC_WARN_UNUSED_FUNCTION = YES;
				GCC_WARN_UNUSED_VARIABLE = YES;
				MTL_ENABLE_DEBUG_INFO = INCLUDE_SOURCE;
				MTL_FAST_MATH = YES;
				ONLY_ACTIVE_ARCH = YES;
				SWIFT_ACTIVE_COMPILATION_CONDITIONS = DEBUG;
				SWIFT_OPTIMIZATION_LEVEL = "-Onone";
			};
			name = Debug;
		};
		C8C0E4B22B2FF747006C2BC4 /* Release */ = {
			isa = XCBuildConfiguration;
			buildSettings = {
				ALWAYS_SEARCH_USER_PATHS = NO;
				CLANG_ANALYZER_NONNULL = YES;
				CLANG_ANALYZER_NUMBER_OBJECT_CONVERSION = YES_AGGRESSIVE;
				CLANG_CXX_LANGUAGE_STANDARD = "gnu++20";
				CLANG_ENABLE_MODULES = YES;
				CLANG_ENABLE_OBJC_ARC = YES;
				CLANG_ENABLE_OBJC_WEAK = YES;
				CLANG_WARN_BLOCK_CAPTURE_AUTORELEASING = YES;
				CLANG_WARN_BOOL_CONVERSION = YES;
				CLANG_WARN_COMMA = YES;
				CLANG_WARN_CONSTANT_CONVERSION = YES;
				CLANG_WARN_DEPRECATED_OBJC_IMPLEMENTATIONS = YES;
				CLANG_WARN_DIRECT_OBJC_ISA_USAGE = YES_ERROR;
				CLANG_WARN_DOCUMENTATION_COMMENTS = YES;
				CLANG_WARN_EMPTY_BODY = YES;
				CLANG_WARN_ENUM_CONVERSION = YES;
				CLANG_WARN_INFINITE_RECURSION = YES;
				CLANG_WARN_INT_CONVERSION = YES;
				CLANG_WARN_NON_LITERAL_NULL_CONVERSION = YES;
				CLANG_WARN_OBJC_IMPLICIT_RETAIN_SELF = YES;
				CLANG_WARN_OBJC_LITERAL_CONVERSION = YES;
				CLANG_WARN_OBJC_ROOT_CLASS = YES_ERROR;
				CLANG_WARN_QUOTED_INCLUDE_IN_FRAMEWORK_HEADER = YES;
				CLANG_WARN_RANGE_LOOP_ANALYSIS = YES;
				CLANG_WARN_STRICT_PROTOTYPES = YES;
				CLANG_WARN_SUSPICIOUS_MOVE = YES;
				CLANG_WARN_UNGUARDED_AVAILABILITY = YES_AGGRESSIVE;
				CLANG_WARN_UNREACHABLE_CODE = YES;
				CLANG_WARN__DUPLICATE_METHOD_MATCH = YES;
				COPY_PHASE_STRIP = NO;
				DEBUG_INFORMATION_FORMAT = "dwarf-with-dsym";
				ENABLE_NS_ASSERTIONS = NO;
				ENABLE_STRICT_OBJC_MSGSEND = YES;
				GCC_C_LANGUAGE_STANDARD = gnu11;
				GCC_NO_COMMON_BLOCKS = YES;
				GCC_WARN_64_TO_32_BIT_CONVERSION = YES;
				GCC_WARN_ABOUT_RETURN_TYPE = YES_ERROR;
				GCC_WARN_UNDECLARED_SELECTOR = YES;
				GCC_WARN_UNINITIALIZED_AUTOS = YES_AGGRESSIVE;
				GCC_WARN_UNUSED_FUNCTION = YES;
				GCC_WARN_UNUSED_VARIABLE = YES;
				MTL_ENABLE_DEBUG_INFO = NO;
				MTL_FAST_MATH = YES;
				SWIFT_COMPILATION_MODE = wholemodule;
				SWIFT_OPTIMIZATION_LEVEL = "-O";
			};
			name = Release;
		};
		C8C0E4B42B2FF747006C2BC4 /* Debug */ = {
			isa = XCBuildConfiguration;
			buildSettings = {
				ASSETCATALOG_COMPILER_APPICON_NAME = AppIcon;
				ASSETCATALOG_COMPILER_GLOBAL_ACCENT_COLOR_NAME = AccentColor;
				CODE_SIGN_ENTITLEMENTS = "School Bus Route Software/School_Bus_Route_Software.entitlements";
				"CODE_SIGN_IDENTITY[sdk=macosx*]" = "Apple Development";
				CODE_SIGN_STYLE = Automatic;
				CURRENT_PROJECT_VERSION = 1;
				DEVELOPMENT_ASSET_PATHS = "\"School Bus Route Software/Preview Content\"";
				DEVELOPMENT_TEAM = W46XT2XXZV;
				ENABLE_PREVIEWS = YES;
				GENERATE_INFOPLIST_FILE = YES;
				INFOPLIST_FILE = "School-Bus-Route-Software-Info.plist";
				INFOPLIST_KEY_CFBundleDisplayName = "School Bus Route Software";
				INFOPLIST_KEY_LSApplicationCategoryType = "public.app-category.navigation";
				"INFOPLIST_KEY_UIApplicationSceneManifest_Generation[sdk=iphoneos*]" = YES;
				"INFOPLIST_KEY_UIApplicationSceneManifest_Generation[sdk=iphonesimulator*]" = YES;
				"INFOPLIST_KEY_UIApplicationSupportsIndirectInputEvents[sdk=iphoneos*]" = YES;
				"INFOPLIST_KEY_UIApplicationSupportsIndirectInputEvents[sdk=iphonesimulator*]" = YES;
				"INFOPLIST_KEY_UILaunchScreen_Generation[sdk=iphoneos*]" = YES;
				"INFOPLIST_KEY_UILaunchScreen_Generation[sdk=iphonesimulator*]" = YES;
				"INFOPLIST_KEY_UIStatusBarStyle[sdk=iphoneos*]" = UIStatusBarStyleDefault;
				"INFOPLIST_KEY_UIStatusBarStyle[sdk=iphonesimulator*]" = UIStatusBarStyleDefault;
				INFOPLIST_KEY_UISupportedInterfaceOrientations_iPad = "UIInterfaceOrientationPortrait UIInterfaceOrientationPortraitUpsideDown UIInterfaceOrientationLandscapeLeft UIInterfaceOrientationLandscapeRight";
				INFOPLIST_KEY_UISupportedInterfaceOrientations_iPhone = "UIInterfaceOrientationPortrait UIInterfaceOrientationLandscapeLeft UIInterfaceOrientationLandscapeRight";
				IPHONEOS_DEPLOYMENT_TARGET = 16.4;
				LD_RUNPATH_SEARCH_PATHS = "@executable_path/Frameworks";
				"LD_RUNPATH_SEARCH_PATHS[sdk=macosx*]" = "@executable_path/../Frameworks";
				MACOSX_DEPLOYMENT_TARGET = 13.3;
				MARKETING_VERSION = 1.0;
				PRODUCT_BUNDLE_IDENTIFIER = "School-Bus-Route-Software.School-Bus-Route-Software";
				PRODUCT_NAME = "$(TARGET_NAME)";
				SDKROOT = auto;
				SUPPORTED_PLATFORMS = "iphoneos iphonesimulator macosx";
				SWIFT_EMIT_LOC_STRINGS = YES;
				SWIFT_VERSION = 5.0;
				TARGETED_DEVICE_FAMILY = "1,2";
			};
			name = Debug;
		};
		C8C0E4B52B2FF747006C2BC4 /* Release */ = {
			isa = XCBuildConfiguration;
			buildSettings = {
				ASSETCATALOG_COMPILER_APPICON_NAME = AppIcon;
				ASSETCATALOG_COMPILER_GLOBAL_ACCENT_COLOR_NAME = AccentColor;
				CODE_SIGN_ENTITLEMENTS = "School Bus Route Software/School_Bus_Route_Software.entitlements";
				"CODE_SIGN_IDENTITY[sdk=macosx*]" = "Apple Development";
				CODE_SIGN_STYLE = Automatic;
				CURRENT_PROJECT_VERSION = 1;
				DEVELOPMENT_ASSET_PATHS = "\"School Bus Route Software/Preview Content\"";
				DEVELOPMENT_TEAM = W46XT2XXZV;
				ENABLE_PREVIEWS = YES;
				GENERATE_INFOPLIST_FILE = YES;
				INFOPLIST_FILE = "School-Bus-Route-Software-Info.plist";
				INFOPLIST_KEY_CFBundleDisplayName = "School Bus Route Software";
				INFOPLIST_KEY_LSApplicationCategoryType = "public.app-category.navigation";
				"INFOPLIST_KEY_UIApplicationSceneManifest_Generation[sdk=iphoneos*]" = YES;
				"INFOPLIST_KEY_UIApplicationSceneManifest_Generation[sdk=iphonesimulator*]" = YES;
				"INFOPLIST_KEY_UIApplicationSupportsIndirectInputEvents[sdk=iphoneos*]" = YES;
				"INFOPLIST_KEY_UIApplicationSupportsIndirectInputEvents[sdk=iphonesimulator*]" = YES;
				"INFOPLIST_KEY_UILaunchScreen_Generation[sdk=iphoneos*]" = YES;
				"INFOPLIST_KEY_UILaunchScreen_Generation[sdk=iphonesimulator*]" = YES;
				"INFOPLIST_KEY_UIStatusBarStyle[sdk=iphoneos*]" = UIStatusBarStyleDefault;
				"INFOPLIST_KEY_UIStatusBarStyle[sdk=iphonesimulator*]" = UIStatusBarStyleDefault;
				INFOPLIST_KEY_UISupportedInterfaceOrientations_iPad = "UIInterfaceOrientationPortrait UIInterfaceOrientationPortraitUpsideDown UIInterfaceOrientationLandscapeLeft UIInterfaceOrientationLandscapeRight";
				INFOPLIST_KEY_UISupportedInterfaceOrientations_iPhone = "UIInterfaceOrientationPortrait UIInterfaceOrientationLandscapeLeft UIInterfaceOrientationLandscapeRight";
				IPHONEOS_DEPLOYMENT_TARGET = 16.4;
				LD_RUNPATH_SEARCH_PATHS = "@executable_path/Frameworks";
				"LD_RUNPATH_SEARCH_PATHS[sdk=macosx*]" = "@executable_path/../Frameworks";
				MACOSX_DEPLOYMENT_TARGET = 13.3;
				MARKETING_VERSION = 1.0;
				PRODUCT_BUNDLE_IDENTIFIER = "School-Bus-Route-Software.School-Bus-Route-Software";
				PRODUCT_NAME = "$(TARGET_NAME)";
				SDKROOT = auto;
				SUPPORTED_PLATFORMS = "iphoneos iphonesimulator macosx";
				SWIFT_EMIT_LOC_STRINGS = YES;
				SWIFT_VERSION = 5.0;
				TARGETED_DEVICE_FAMILY = "1,2";
			};
			name = Release;
		};
		C8C0E4B72B2FF747006C2BC4 /* Debug */ = {
			isa = XCBuildConfiguration;
			buildSettings = {
				ALWAYS_EMBED_SWIFT_STANDARD_LIBRARIES = YES;
				BUNDLE_LOADER = "$(TEST_HOST)";
				CODE_SIGN_STYLE = Automatic;
				CURRENT_PROJECT_VERSION = 1;
				GENERATE_INFOPLIST_FILE = YES;
				IPHONEOS_DEPLOYMENT_TARGET = 16.4;
				MACOSX_DEPLOYMENT_TARGET = 13.3;
				MARKETING_VERSION = 1.0;
				PRODUCT_BUNDLE_IDENTIFIER = "School-Bus-Route-Software.School-Bus-Route-SoftwareTests";
				PRODUCT_NAME = "$(TARGET_NAME)";
				SDKROOT = auto;
				SUPPORTED_PLATFORMS = "iphoneos iphonesimulator macosx";
				SWIFT_EMIT_LOC_STRINGS = NO;
				SWIFT_VERSION = 5.0;
				TARGETED_DEVICE_FAMILY = "1,2";
				TEST_HOST = "$(BUILT_PRODUCTS_DIR)/School Bus Route Software.app/$(BUNDLE_EXECUTABLE_FOLDER_PATH)/School Bus Route Software";
			};
			name = Debug;
		};
		C8C0E4B82B2FF747006C2BC4 /* Release */ = {
			isa = XCBuildConfiguration;
			buildSettings = {
				ALWAYS_EMBED_SWIFT_STANDARD_LIBRARIES = YES;
				BUNDLE_LOADER = "$(TEST_HOST)";
				CODE_SIGN_STYLE = Automatic;
				CURRENT_PROJECT_VERSION = 1;
				GENERATE_INFOPLIST_FILE = YES;
				IPHONEOS_DEPLOYMENT_TARGET = 16.4;
				MACOSX_DEPLOYMENT_TARGET = 13.3;
				MARKETING_VERSION = 1.0;
				PRODUCT_BUNDLE_IDENTIFIER = "School-Bus-Route-Software.School-Bus-Route-SoftwareTests";
				PRODUCT_NAME = "$(TARGET_NAME)";
				SDKROOT = auto;
				SUPPORTED_PLATFORMS = "iphoneos iphonesimulator macosx";
				SWIFT_EMIT_LOC_STRINGS = NO;
				SWIFT_VERSION = 5.0;
				TARGETED_DEVICE_FAMILY = "1,2";
				TEST_HOST = "$(BUILT_PRODUCTS_DIR)/School Bus Route Software.app/$(BUNDLE_EXECUTABLE_FOLDER_PATH)/School Bus Route Software";
			};
			name = Release;
		};
		C8C0E4BA2B2FF747006C2BC4 /* Debug */ = {
			isa = XCBuildConfiguration;
			buildSettings = {
				ALWAYS_EMBED_SWIFT_STANDARD_LIBRARIES = YES;
				CODE_SIGN_STYLE = Automatic;
				CURRENT_PROJECT_VERSION = 1;
				GENERATE_INFOPLIST_FILE = YES;
				IPHONEOS_DEPLOYMENT_TARGET = 16.4;
				MACOSX_DEPLOYMENT_TARGET = 13.3;
				MARKETING_VERSION = 1.0;
				PRODUCT_BUNDLE_IDENTIFIER = "School-Bus-Route-Software.School-Bus-Route-SoftwareUITests";
				PRODUCT_NAME = "$(TARGET_NAME)";
				SDKROOT = auto;
				SUPPORTED_PLATFORMS = "iphoneos iphonesimulator macosx";
				SWIFT_EMIT_LOC_STRINGS = NO;
				SWIFT_VERSION = 5.0;
				TARGETED_DEVICE_FAMILY = "1,2";
				TEST_TARGET_NAME = "School Bus Route Software";
			};
			name = Debug;
		};
		C8C0E4BB2B2FF747006C2BC4 /* Release */ = {
			isa = XCBuildConfiguration;
			buildSettings = {
				ALWAYS_EMBED_SWIFT_STANDARD_LIBRARIES = YES;
				CODE_SIGN_STYLE = Automatic;
				CURRENT_PROJECT_VERSION = 1;
				GENERATE_INFOPLIST_FILE = YES;
				IPHONEOS_DEPLOYMENT_TARGET = 16.4;
				MACOSX_DEPLOYMENT_TARGET = 13.3;
				MARKETING_VERSION = 1.0;
				PRODUCT_BUNDLE_IDENTIFIER = "School-Bus-Route-Software.School-Bus-Route-SoftwareUITests";
				PRODUCT_NAME = "$(TARGET_NAME)";
				SDKROOT = auto;
				SUPPORTED_PLATFORMS = "iphoneos iphonesimulator macosx";
				SWIFT_EMIT_LOC_STRINGS = NO;
				SWIFT_VERSION = 5.0;
				TARGETED_DEVICE_FAMILY = "1,2";
				TEST_TARGET_NAME = "School Bus Route Software";
			};
			name = Release;
		};
/* End XCBuildConfiguration section */

/* Begin XCConfigurationList section */
		C8C0E4892B2FF746006C2BC4 /* Build configuration list for PBXProject "School Bus Route Software" */ = {
			isa = XCConfigurationList;
			buildConfigurations = (
				C8C0E4B12B2FF747006C2BC4 /* Debug */,
				C8C0E4B22B2FF747006C2BC4 /* Release */,
			);
			defaultConfigurationIsVisible = 0;
			defaultConfigurationName = Release;
		};
		C8C0E4B32B2FF747006C2BC4 /* Build configuration list for PBXNativeTarget "School Bus Route Software" */ = {
			isa = XCConfigurationList;
			buildConfigurations = (
				C8C0E4B42B2FF747006C2BC4 /* Debug */,
				C8C0E4B52B2FF747006C2BC4 /* Release */,
			);
			defaultConfigurationIsVisible = 0;
			defaultConfigurationName = Release;
		};
		C8C0E4B62B2FF747006C2BC4 /* Build configuration list for PBXNativeTarget "School Bus Route SoftwareTests" */ = {
			isa = XCConfigurationList;
			buildConfigurations = (
				C8C0E4B72B2FF747006C2BC4 /* Debug */,
				C8C0E4B82B2FF747006C2BC4 /* Release */,
			);
			defaultConfigurationIsVisible = 0;
			defaultConfigurationName = Release;
		};
		C8C0E4B92B2FF747006C2BC4 /* Build configuration list for PBXNativeTarget "School Bus Route SoftwareUITests" */ = {
			isa = XCConfigurationList;
			buildConfigurations = (
				C8C0E4BA2B2FF747006C2BC4 /* Debug */,
				C8C0E4BB2B2FF747006C2BC4 /* Release */,
			);
			defaultConfigurationIsVisible = 0;
			defaultConfigurationName = Release;
		};
/* End XCConfigurationList section */

/* Begin XCRemoteSwiftPackageReference section */
		C87D9A3F2BBE579700B6CE82 /* XCRemoteSwiftPackageReference "SQLite" */ = {
			isa = XCRemoteSwiftPackageReference;
			repositoryURL = "https://github.com/stephencelis/SQLite.swift";
			requirement = {
				kind = upToNextMajorVersion;
				minimumVersion = 0.15.0;
			};
		};
		C87D9A472BC371BB00B6CE82 /* XCRemoteSwiftPackageReference "vapor" */ = {
			isa = XCRemoteSwiftPackageReference;
			repositoryURL = "https://github.com/vapor/vapor";
			requirement = {
				kind = upToNextMajorVersion;
				minimumVersion = 4.0.0;
			};
		};
		C87D9A4A2BC3725E00B6CE82 /* XCRemoteSwiftPackageReference "fluent" */ = {
			isa = XCRemoteSwiftPackageReference;
			repositoryURL = "https://github.com/vapor/fluent.git";
			requirement = {
				kind = upToNextMajorVersion;
				minimumVersion = 4.0.0;
			};
		};
		C89AFC202BC372E700E7D497 /* XCRemoteSwiftPackageReference "fluent-sqlite-driver" */ = {
			isa = XCRemoteSwiftPackageReference;
			repositoryURL = "https://github.com/vapor/fluent-sqlite-driver";
			requirement = {
				kind = upToNextMajorVersion;
				minimumVersion = 4.0.0;
			};
		};
/* End XCRemoteSwiftPackageReference section */

/* Begin XCSwiftPackageProductDependency section */
		C87D9A402BBE579700B6CE82 /* SQLite */ = {
			isa = XCSwiftPackageProductDependency;
			package = C87D9A3F2BBE579700B6CE82 /* XCRemoteSwiftPackageReference "SQLite" */;
			productName = SQLite;
		};
		C87D9A482BC371BB00B6CE82 /* Vapor */ = {
			isa = XCSwiftPackageProductDependency;
			package = C87D9A472BC371BB00B6CE82 /* XCRemoteSwiftPackageReference "vapor" */;
			productName = Vapor;
		};
		C87D9A4B2BC3725E00B6CE82 /* Fluent */ = {
			isa = XCSwiftPackageProductDependency;
			package = C87D9A4A2BC3725E00B6CE82 /* XCRemoteSwiftPackageReference "fluent" */;
			productName = Fluent;
		};
		C89AFC212BC372E700E7D497 /* FluentSQLiteDriver */ = {
			isa = XCSwiftPackageProductDependency;
			package = C89AFC202BC372E700E7D497 /* XCRemoteSwiftPackageReference "fluent-sqlite-driver" */;
			productName = FluentSQLiteDriver;
		};
/* End XCSwiftPackageProductDependency section */
	};
	rootObject = C8C0E4862B2FF746006C2BC4 /* Project object */;
}
